
Microsoft Visual Studio Solution File, Format Version 12.00
# Visual Studio 2012
Project("{FAE04EC0-301F-11D3-BF4B-00C04F79EFBC}") = "Plugged", "RADIUS_USER_INTERFACE\Plugged.csproj", "{055B328E-9130-4D8F-AA00-965274343C1A}"
EndProject
Global
	GlobalSection(SolutionConfigurationPlatforms) = preSolution
		Debug|Any CPU = Debug|Any CPU
		Release|Any CPU = Release|Any CPU
	EndGlobalSection
	GlobalSection(ProjectConfigurationPlatforms) = postSolution
		{055B328E-9130-4D8F-AA00-965274343C1A}.Debug|Any CPU.ActiveCfg = Debug|Any CPU
		{055B328E-9130-4D8F-AA00-965274343C1A}.Debug|Any CPU.Build.0 = Debug|Any CPU
		{055B328E-9130-4D8F-AA00-965274343C1A}.Release|Any CPU.ActiveCfg = Release|Any CPU
		{055B328E-9130-4D8F-AA00-965274343C1A}.Release|Any CPU.Build.0 = Release|Any CPU
		{055B328E-9130-4D8F-AA00-965274343C1A}.Release|Any CPU.Deploy.0 = Release|Any CPU
	EndGlobalSection
	GlobalSection(SolutionProperties) = preSolution
		HideSolutionNode = FALSE
	EndGlobalSection
EndGlobal
